
Microsoft Visual Studio Solution File, Format Version 11.00
# Visual Studio 2010
Project("{FAE04EC0-301F-11D3-BF4B-00C04F79EFBC}") = "WebApiContrib", "src\WebApiContrib\WebApiContrib.csproj", "{C8EBEB5F-1664-4B36-9FA0-9979830EC5B8}"
EndProject
Project("{FAE04EC0-301F-11D3-BF4B-00C04F79EFBC}") = "WebApiContribTests", "test\WebApiContribTests\WebApiContribTests.csproj", "{960EDBC5-0C46-4CD7-B0B6-B4D5F30B9092}"
EndProject
Project("{2150E333-8FDC-42A3-9474-1A3956D46DE8}") = ".nuget", ".nuget", "{4C93B8FC-96F9-47BA-9380-753847F03E1C}"
	ProjectSection(SolutionItems) = preProject
		.nuget\NuGet.exe = .nuget\NuGet.exe
		.nuget\NuGet.targets = .nuget\NuGet.targets
	EndProjectSection
EndProject
Project("{FAE04EC0-301F-11D3-BF4B-00C04F79EFBC}") = "WebApiContrib.Formatting.ServiceStack", "src\WebApiContrib.Formatting.ServicStack\WebApiContrib.Formatting.ServiceStack.csproj", "{AD84D9A8-0849-4461-A9A7-952722F9A6C9}"
Project("{FAE04EC0-301F-11D3-BF4B-00C04F79EFBC}") = "WebApiContrib.IoC.AutoFac", "src\WebApiContrib.IoC.AutoFac\WebApiContrib.IoC.AutoFac.csproj", "{AA772346-54BD-48C4-AEC0-CCF54A7E45FF}"
EndProject
Project("{FAE04EC0-301F-11D3-BF4B-00C04F79EFBC}") = "WebApiContrib.IoC.Ninject", "src\WebApiContrib.IoC.Ninject\WebApiContrib.IoC.Ninject.csproj", "{7AFAC6AB-9B5F-41B7-9AB7-84053FC19A7E}"
EndProject
Project("{FAE04EC0-301F-11D3-BF4B-00C04F79EFBC}") = "WebApiContrib.IoC.Unity", "src\WebApiContrib.IoC.Unity\WebApiContrib.IoC.Unity.csproj", "{543DD4BC-C610-4381-82D9-2BA3686AEE0F}"
EndProject
Project("{FAE04EC0-301F-11D3-BF4B-00C04F79EFBC}") = "WebApiContrib.Formatting.JavaScriptSerializer", "src\WebApiContrib.Formatting.JavaScriptSerializer\WebApiContrib.Formatting.JavaScriptSerializer.csproj", "{9641B6A6-278A-479F-B9F5-46B2E6B9657E}"
EndProject
Project("{FAE04EC0-301F-11D3-BF4B-00C04F79EFBC}") = "WebApiContrib.Formatting.JsonNet", "src\WebApiContrib.Formatting.JsonNet\WebApiContrib.Formatting.JsonNet.csproj", "{5CA2C8C9-DC23-4214-984A-9CB1FF0C2435}"
EndProject
Global
	GlobalSection(SolutionConfigurationPlatforms) = preSolution
		Debug|Any CPU = Debug|Any CPU
		Release|Any CPU = Release|Any CPU
	EndGlobalSection
	GlobalSection(ProjectConfigurationPlatforms) = postSolution
		{C8EBEB5F-1664-4B36-9FA0-9979830EC5B8}.Debug|Any CPU.ActiveCfg = Debug|Any CPU
		{C8EBEB5F-1664-4B36-9FA0-9979830EC5B8}.Debug|Any CPU.Build.0 = Debug|Any CPU
		{C8EBEB5F-1664-4B36-9FA0-9979830EC5B8}.Release|Any CPU.ActiveCfg = Release|Any CPU
		{C8EBEB5F-1664-4B36-9FA0-9979830EC5B8}.Release|Any CPU.Build.0 = Release|Any CPU
		{960EDBC5-0C46-4CD7-B0B6-B4D5F30B9092}.Debug|Any CPU.ActiveCfg = Debug|Any CPU
		{960EDBC5-0C46-4CD7-B0B6-B4D5F30B9092}.Debug|Any CPU.Build.0 = Debug|Any CPU
		{960EDBC5-0C46-4CD7-B0B6-B4D5F30B9092}.Release|Any CPU.ActiveCfg = Release|Any CPU
		{960EDBC5-0C46-4CD7-B0B6-B4D5F30B9092}.Release|Any CPU.Build.0 = Release|Any CPU
		{AD84D9A8-0849-4461-A9A7-952722F9A6C9}.Debug|Any CPU.ActiveCfg = Debug|Any CPU
		{AD84D9A8-0849-4461-A9A7-952722F9A6C9}.Debug|Any CPU.Build.0 = Debug|Any CPU
		{AD84D9A8-0849-4461-A9A7-952722F9A6C9}.Release|Any CPU.ActiveCfg = Release|Any CPU
		{AD84D9A8-0849-4461-A9A7-952722F9A6C9}.Release|Any CPU.Build.0 = Release|Any CPU
		{AA772346-54BD-48C4-AEC0-CCF54A7E45FF}.Debug|Any CPU.ActiveCfg = Debug|Any CPU
		{AA772346-54BD-48C4-AEC0-CCF54A7E45FF}.Debug|Any CPU.Build.0 = Debug|Any CPU
		{AA772346-54BD-48C4-AEC0-CCF54A7E45FF}.Release|Any CPU.ActiveCfg = Release|Any CPU
		{AA772346-54BD-48C4-AEC0-CCF54A7E45FF}.Release|Any CPU.Build.0 = Release|Any CPU
		{7AFAC6AB-9B5F-41B7-9AB7-84053FC19A7E}.Debug|Any CPU.ActiveCfg = Debug|Any CPU
		{7AFAC6AB-9B5F-41B7-9AB7-84053FC19A7E}.Debug|Any CPU.Build.0 = Debug|Any CPU
		{7AFAC6AB-9B5F-41B7-9AB7-84053FC19A7E}.Release|Any CPU.ActiveCfg = Release|Any CPU
		{7AFAC6AB-9B5F-41B7-9AB7-84053FC19A7E}.Release|Any CPU.Build.0 = Release|Any CPU
		{543DD4BC-C610-4381-82D9-2BA3686AEE0F}.Debug|Any CPU.ActiveCfg = Debug|Any CPU
		{543DD4BC-C610-4381-82D9-2BA3686AEE0F}.Debug|Any CPU.Build.0 = Debug|Any CPU
		{543DD4BC-C610-4381-82D9-2BA3686AEE0F}.Release|Any CPU.ActiveCfg = Release|Any CPU
		{543DD4BC-C610-4381-82D9-2BA3686AEE0F}.Release|Any CPU.Build.0 = Release|Any CPU
		{9641B6A6-278A-479F-B9F5-46B2E6B9657E}.Debug|Any CPU.ActiveCfg = Debug|Any CPU
		{9641B6A6-278A-479F-B9F5-46B2E6B9657E}.Debug|Any CPU.Build.0 = Debug|Any CPU
		{9641B6A6-278A-479F-B9F5-46B2E6B9657E}.Release|Any CPU.ActiveCfg = Release|Any CPU
		{9641B6A6-278A-479F-B9F5-46B2E6B9657E}.Release|Any CPU.Build.0 = Release|Any CPU
		{5CA2C8C9-DC23-4214-984A-9CB1FF0C2435}.Debug|Any CPU.ActiveCfg = Debug|Any CPU
		{5CA2C8C9-DC23-4214-984A-9CB1FF0C2435}.Debug|Any CPU.Build.0 = Debug|Any CPU
		{5CA2C8C9-DC23-4214-984A-9CB1FF0C2435}.Release|Any CPU.ActiveCfg = Release|Any CPU
		{5CA2C8C9-DC23-4214-984A-9CB1FF0C2435}.Release|Any CPU.Build.0 = Release|Any CPU
	EndGlobalSection
	GlobalSection(SolutionProperties) = preSolution
		HideSolutionNode = FALSE
	EndGlobalSection
	GlobalSection(ExtensibilityGlobals) = postSolution
		EnterpriseLibraryConfigurationToolBinariesPath = packages\Unity.2.1.505.0\lib\NET35
	EndGlobalSection
EndGlobal
