
Microsoft Visual Studio Solution File, Format Version 11.00
# Visual Studio 2010
Project("{FAE04EC0-301F-11D3-BF4B-00C04F79EFBC}") = "WebApiContrib", "src\WebApiContrib\WebApiContrib.csproj", "{C8EBEB5F-1664-4B36-9FA0-9979830EC5B8}"
EndProject
Project("{FAE04EC0-301F-11D3-BF4B-00C04F79EFBC}") = "WebApiContribTests", "test\WebApiContribTests\WebApiContribTests.csproj", "{960EDBC5-0C46-4CD7-B0B6-B4D5F30B9092}"
EndProject
Project("{2150E333-8FDC-42A3-9474-1A3956D46DE8}") = "Samples", "Samples", "{2481E2F9-0B90-4114-AE73-62BB663A57BC}"
EndProject
Project("{FAE04EC0-301F-11D3-BF4B-00C04F79EFBC}") = "WebApi.Conneg.Web", "samples\WebApi.Conneg.Web\WebApi.Conneg.Web.csproj", "{79C3E016-EF76-435B-B44B-F42FAC8F80F1}"
EndProject
Project("{FAE04EC0-301F-11D3-BF4B-00C04F79EFBC}") = "WebApiContrib.Formatting.ServiceStack", "src\WebApiContrib.Formatting.ServicStack\WebApiContrib.Formatting.ServiceStack.csproj", "{AD84D9A8-0849-4461-A9A7-952722F9A6C9}"
Project("{FAE04EC0-301F-11D3-BF4B-00C04F79EFBC}") = "WebApiContrib.IoC.AutoFac", "src\WebApiContrib.IoC.AutoFac\WebApiContrib.IoC.AutoFac.csproj", "{AA772346-54BD-48C4-AEC0-CCF54A7E45FF}"
EndProject
Project("{FAE04EC0-301F-11D3-BF4B-00C04F79EFBC}") = "WebApiContrib.IoC.Ninject", "src\WebApiContrib.IoC.Ninject\WebApiContrib.IoC.Ninject.csproj", "{7AFAC6AB-9B5F-41B7-9AB7-84053FC19A7E}"
EndProject
Project("{FAE04EC0-301F-11D3-BF4B-00C04F79EFBC}") = "WebApiContrib.IoC.Unity", "src\WebApiContrib.IoC.Unity\WebApiContrib.IoC.Unity.csproj", "{543DD4BC-C610-4381-82D9-2BA3686AEE0F}"
EndProject
Project("{FAE04EC0-301F-11D3-BF4B-00C04F79EFBC}") = "ContactManager.Models", "samples\ContactManager.Models\ContactManager.Models.csproj", "{A9E9CB97-9693-4311-A872-D710CB1EB060}"
EndProject
Project("{2150E333-8FDC-42A3-9474-1A3956D46DE8}") = "ContactManager", "ContactManager", "{C2615BF4-1BA8-479C-A4EA-F2F19CB6016A}"
EndProject
Project("{FAE04EC0-301F-11D3-BF4B-00C04F79EFBC}") = "ContactManager.ConsoleSelfHost", "samples\ContactManager.ConsoleSelfHost\ContactManager.ConsoleSelfHost.csproj", "{882FF1EC-C8FD-4062-BD38-534AC7CB6E6D}"
EndProject
Project("{FAE04EC0-301F-11D3-BF4B-00C04F79EFBC}") = "ContactManager.APIs", "samples\ContactManager.APIs\ContactManager.APIs.csproj", "{823DDCBC-F7BF-4AA6-A285-236FD482D40C}"
EndProject
Project("{FAE04EC0-301F-11D3-BF4B-00C04F79EFBC}") = "ContactManager.Web", "samples\ContactManager.Web\ContactManager.Web.csproj", "{F36FD487-5F92-483F-94CC-5F59E0338FCE}"
EndProject
Project("{FAE04EC0-301F-11D3-BF4B-00C04F79EFBC}") = "TestProject", "test\TestProject\TestProject.csproj", "{CBE4E31B-2E8D-452A-9A8A-74ACAB9C0BFE}"
EndProject
Global
	GlobalSection(SolutionConfigurationPlatforms) = preSolution
		Debug|Any CPU = Debug|Any CPU
		Debug|Mixed Platforms = Debug|Mixed Platforms
		Debug|x86 = Debug|x86
		Release|Any CPU = Release|Any CPU
		Release|Mixed Platforms = Release|Mixed Platforms
		Release|x86 = Release|x86
	EndGlobalSection
	GlobalSection(ProjectConfigurationPlatforms) = postSolution
		{C8EBEB5F-1664-4B36-9FA0-9979830EC5B8}.Debug|Any CPU.ActiveCfg = Debug|Any CPU
		{C8EBEB5F-1664-4B36-9FA0-9979830EC5B8}.Debug|Any CPU.Build.0 = Debug|Any CPU
		{C8EBEB5F-1664-4B36-9FA0-9979830EC5B8}.Debug|Mixed Platforms.ActiveCfg = Debug|Any CPU
		{C8EBEB5F-1664-4B36-9FA0-9979830EC5B8}.Debug|Mixed Platforms.Build.0 = Debug|Any CPU
		{C8EBEB5F-1664-4B36-9FA0-9979830EC5B8}.Debug|x86.ActiveCfg = Debug|Any CPU
		{C8EBEB5F-1664-4B36-9FA0-9979830EC5B8}.Release|Any CPU.ActiveCfg = Release|Any CPU
		{C8EBEB5F-1664-4B36-9FA0-9979830EC5B8}.Release|Any CPU.Build.0 = Release|Any CPU
		{C8EBEB5F-1664-4B36-9FA0-9979830EC5B8}.Release|Mixed Platforms.ActiveCfg = Release|Any CPU
		{C8EBEB5F-1664-4B36-9FA0-9979830EC5B8}.Release|Mixed Platforms.Build.0 = Release|Any CPU
		{C8EBEB5F-1664-4B36-9FA0-9979830EC5B8}.Release|x86.ActiveCfg = Release|Any CPU
		{960EDBC5-0C46-4CD7-B0B6-B4D5F30B9092}.Debug|Any CPU.ActiveCfg = Debug|Any CPU
		{960EDBC5-0C46-4CD7-B0B6-B4D5F30B9092}.Debug|Any CPU.Build.0 = Debug|Any CPU
		{960EDBC5-0C46-4CD7-B0B6-B4D5F30B9092}.Debug|Mixed Platforms.ActiveCfg = Debug|Any CPU
		{960EDBC5-0C46-4CD7-B0B6-B4D5F30B9092}.Debug|Mixed Platforms.Build.0 = Debug|Any CPU
		{960EDBC5-0C46-4CD7-B0B6-B4D5F30B9092}.Debug|x86.ActiveCfg = Debug|Any CPU
		{960EDBC5-0C46-4CD7-B0B6-B4D5F30B9092}.Release|Any CPU.ActiveCfg = Release|Any CPU
		{960EDBC5-0C46-4CD7-B0B6-B4D5F30B9092}.Release|Any CPU.Build.0 = Release|Any CPU
		{960EDBC5-0C46-4CD7-B0B6-B4D5F30B9092}.Release|Mixed Platforms.ActiveCfg = Release|Any CPU
		{960EDBC5-0C46-4CD7-B0B6-B4D5F30B9092}.Release|Mixed Platforms.Build.0 = Release|Any CPU
		{960EDBC5-0C46-4CD7-B0B6-B4D5F30B9092}.Release|x86.ActiveCfg = Release|Any CPU
		{79C3E016-EF76-435B-B44B-F42FAC8F80F1}.Debug|Any CPU.ActiveCfg = Debug|Any CPU
		{79C3E016-EF76-435B-B44B-F42FAC8F80F1}.Debug|Any CPU.Build.0 = Debug|Any CPU
		{79C3E016-EF76-435B-B44B-F42FAC8F80F1}.Debug|Mixed Platforms.ActiveCfg = Debug|Any CPU
		{79C3E016-EF76-435B-B44B-F42FAC8F80F1}.Debug|Mixed Platforms.Build.0 = Debug|Any CPU
		{79C3E016-EF76-435B-B44B-F42FAC8F80F1}.Debug|x86.ActiveCfg = Debug|Any CPU
		{79C3E016-EF76-435B-B44B-F42FAC8F80F1}.Release|Any CPU.ActiveCfg = Release|Any CPU
		{79C3E016-EF76-435B-B44B-F42FAC8F80F1}.Release|Any CPU.Build.0 = Release|Any CPU
		{AD84D9A8-0849-4461-A9A7-952722F9A6C9}.Debug|Any CPU.ActiveCfg = Debug|Any CPU
		{AD84D9A8-0849-4461-A9A7-952722F9A6C9}.Debug|Any CPU.Build.0 = Debug|Any CPU
		{AD84D9A8-0849-4461-A9A7-952722F9A6C9}.Release|Any CPU.ActiveCfg = Release|Any CPU
		{AD84D9A8-0849-4461-A9A7-952722F9A6C9}.Release|Any CPU.Build.0 = Release|Any CPU
		{79C3E016-EF76-435B-B44B-F42FAC8F80F1}.Release|Mixed Platforms.ActiveCfg = Release|Any CPU
		{79C3E016-EF76-435B-B44B-F42FAC8F80F1}.Release|Mixed Platforms.Build.0 = Release|Any CPU
		{79C3E016-EF76-435B-B44B-F42FAC8F80F1}.Release|x86.ActiveCfg = Release|Any CPU
		{AA772346-54BD-48C4-AEC0-CCF54A7E45FF}.Debug|Any CPU.ActiveCfg = Debug|Any CPU
		{AA772346-54BD-48C4-AEC0-CCF54A7E45FF}.Debug|Any CPU.Build.0 = Debug|Any CPU
		{AA772346-54BD-48C4-AEC0-CCF54A7E45FF}.Debug|Mixed Platforms.ActiveCfg = Debug|Any CPU
		{AA772346-54BD-48C4-AEC0-CCF54A7E45FF}.Debug|Mixed Platforms.Build.0 = Debug|Any CPU
		{AA772346-54BD-48C4-AEC0-CCF54A7E45FF}.Debug|x86.ActiveCfg = Debug|Any CPU
		{AA772346-54BD-48C4-AEC0-CCF54A7E45FF}.Release|Any CPU.ActiveCfg = Release|Any CPU
		{AA772346-54BD-48C4-AEC0-CCF54A7E45FF}.Release|Any CPU.Build.0 = Release|Any CPU
		{AA772346-54BD-48C4-AEC0-CCF54A7E45FF}.Release|Mixed Platforms.ActiveCfg = Release|Any CPU
		{AA772346-54BD-48C4-AEC0-CCF54A7E45FF}.Release|Mixed Platforms.Build.0 = Release|Any CPU
		{AA772346-54BD-48C4-AEC0-CCF54A7E45FF}.Release|x86.ActiveCfg = Release|Any CPU
		{7AFAC6AB-9B5F-41B7-9AB7-84053FC19A7E}.Debug|Any CPU.ActiveCfg = Debug|Any CPU
		{7AFAC6AB-9B5F-41B7-9AB7-84053FC19A7E}.Debug|Any CPU.Build.0 = Debug|Any CPU
		{7AFAC6AB-9B5F-41B7-9AB7-84053FC19A7E}.Debug|Mixed Platforms.ActiveCfg = Debug|Any CPU
		{7AFAC6AB-9B5F-41B7-9AB7-84053FC19A7E}.Debug|Mixed Platforms.Build.0 = Debug|Any CPU
		{7AFAC6AB-9B5F-41B7-9AB7-84053FC19A7E}.Debug|x86.ActiveCfg = Debug|Any CPU
		{7AFAC6AB-9B5F-41B7-9AB7-84053FC19A7E}.Release|Any CPU.ActiveCfg = Release|Any CPU
		{7AFAC6AB-9B5F-41B7-9AB7-84053FC19A7E}.Release|Any CPU.Build.0 = Release|Any CPU
		{7AFAC6AB-9B5F-41B7-9AB7-84053FC19A7E}.Release|Mixed Platforms.ActiveCfg = Release|Any CPU
		{7AFAC6AB-9B5F-41B7-9AB7-84053FC19A7E}.Release|Mixed Platforms.Build.0 = Release|Any CPU
		{7AFAC6AB-9B5F-41B7-9AB7-84053FC19A7E}.Release|x86.ActiveCfg = Release|Any CPU
		{543DD4BC-C610-4381-82D9-2BA3686AEE0F}.Debug|Any CPU.ActiveCfg = Debug|Any CPU
		{543DD4BC-C610-4381-82D9-2BA3686AEE0F}.Debug|Any CPU.Build.0 = Debug|Any CPU
		{543DD4BC-C610-4381-82D9-2BA3686AEE0F}.Debug|Mixed Platforms.ActiveCfg = Debug|Any CPU
		{543DD4BC-C610-4381-82D9-2BA3686AEE0F}.Debug|Mixed Platforms.Build.0 = Debug|Any CPU
		{543DD4BC-C610-4381-82D9-2BA3686AEE0F}.Debug|x86.ActiveCfg = Debug|Any CPU
		{543DD4BC-C610-4381-82D9-2BA3686AEE0F}.Release|Any CPU.ActiveCfg = Release|Any CPU
		{543DD4BC-C610-4381-82D9-2BA3686AEE0F}.Release|Any CPU.Build.0 = Release|Any CPU
		{543DD4BC-C610-4381-82D9-2BA3686AEE0F}.Release|Mixed Platforms.ActiveCfg = Release|Any CPU
		{543DD4BC-C610-4381-82D9-2BA3686AEE0F}.Release|Mixed Platforms.Build.0 = Release|Any CPU
		{543DD4BC-C610-4381-82D9-2BA3686AEE0F}.Release|x86.ActiveCfg = Release|Any CPU
		{A9E9CB97-9693-4311-A872-D710CB1EB060}.Debug|Any CPU.ActiveCfg = Debug|x86
		{A9E9CB97-9693-4311-A872-D710CB1EB060}.Debug|Mixed Platforms.ActiveCfg = Debug|x86
		{A9E9CB97-9693-4311-A872-D710CB1EB060}.Debug|Mixed Platforms.Build.0 = Debug|x86
		{A9E9CB97-9693-4311-A872-D710CB1EB060}.Debug|x86.ActiveCfg = Debug|x86
		{A9E9CB97-9693-4311-A872-D710CB1EB060}.Debug|x86.Build.0 = Debug|x86
		{A9E9CB97-9693-4311-A872-D710CB1EB060}.Release|Any CPU.ActiveCfg = Release|x86
		{A9E9CB97-9693-4311-A872-D710CB1EB060}.Release|Mixed Platforms.ActiveCfg = Release|x86
		{A9E9CB97-9693-4311-A872-D710CB1EB060}.Release|Mixed Platforms.Build.0 = Release|x86
		{A9E9CB97-9693-4311-A872-D710CB1EB060}.Release|x86.ActiveCfg = Release|x86
		{A9E9CB97-9693-4311-A872-D710CB1EB060}.Release|x86.Build.0 = Release|x86
		{882FF1EC-C8FD-4062-BD38-534AC7CB6E6D}.Debug|Any CPU.ActiveCfg = Debug|x86
		{882FF1EC-C8FD-4062-BD38-534AC7CB6E6D}.Debug|Mixed Platforms.ActiveCfg = Debug|x86
		{882FF1EC-C8FD-4062-BD38-534AC7CB6E6D}.Debug|Mixed Platforms.Build.0 = Debug|x86
		{882FF1EC-C8FD-4062-BD38-534AC7CB6E6D}.Debug|x86.ActiveCfg = Debug|x86
		{882FF1EC-C8FD-4062-BD38-534AC7CB6E6D}.Debug|x86.Build.0 = Debug|x86
		{882FF1EC-C8FD-4062-BD38-534AC7CB6E6D}.Release|Any CPU.ActiveCfg = Release|x86
		{882FF1EC-C8FD-4062-BD38-534AC7CB6E6D}.Release|Mixed Platforms.ActiveCfg = Release|x86
		{882FF1EC-C8FD-4062-BD38-534AC7CB6E6D}.Release|Mixed Platforms.Build.0 = Release|x86
		{882FF1EC-C8FD-4062-BD38-534AC7CB6E6D}.Release|x86.ActiveCfg = Release|x86
		{882FF1EC-C8FD-4062-BD38-534AC7CB6E6D}.Release|x86.Build.0 = Release|x86
		{823DDCBC-F7BF-4AA6-A285-236FD482D40C}.Debug|Any CPU.ActiveCfg = Debug|Any CPU
		{823DDCBC-F7BF-4AA6-A285-236FD482D40C}.Debug|Any CPU.Build.0 = Debug|Any CPU
		{823DDCBC-F7BF-4AA6-A285-236FD482D40C}.Debug|Mixed Platforms.ActiveCfg = Debug|Any CPU
		{823DDCBC-F7BF-4AA6-A285-236FD482D40C}.Debug|Mixed Platforms.Build.0 = Debug|Any CPU
		{823DDCBC-F7BF-4AA6-A285-236FD482D40C}.Debug|x86.ActiveCfg = Debug|Any CPU
		{823DDCBC-F7BF-4AA6-A285-236FD482D40C}.Release|Any CPU.ActiveCfg = Release|Any CPU
		{823DDCBC-F7BF-4AA6-A285-236FD482D40C}.Release|Any CPU.Build.0 = Release|Any CPU
		{823DDCBC-F7BF-4AA6-A285-236FD482D40C}.Release|Mixed Platforms.ActiveCfg = Release|Any CPU
		{823DDCBC-F7BF-4AA6-A285-236FD482D40C}.Release|Mixed Platforms.Build.0 = Release|Any CPU
		{823DDCBC-F7BF-4AA6-A285-236FD482D40C}.Release|x86.ActiveCfg = Release|Any CPU
		{F36FD487-5F92-483F-94CC-5F59E0338FCE}.Debug|Any CPU.ActiveCfg = Debug|Any CPU
		{F36FD487-5F92-483F-94CC-5F59E0338FCE}.Debug|Any CPU.Build.0 = Debug|Any CPU
		{F36FD487-5F92-483F-94CC-5F59E0338FCE}.Debug|Mixed Platforms.ActiveCfg = Debug|Any CPU
		{F36FD487-5F92-483F-94CC-5F59E0338FCE}.Debug|Mixed Platforms.Build.0 = Debug|Any CPU
		{F36FD487-5F92-483F-94CC-5F59E0338FCE}.Debug|x86.ActiveCfg = Debug|Any CPU
		{F36FD487-5F92-483F-94CC-5F59E0338FCE}.Release|Any CPU.ActiveCfg = Release|Any CPU
		{F36FD487-5F92-483F-94CC-5F59E0338FCE}.Release|Any CPU.Build.0 = Release|Any CPU
		{F36FD487-5F92-483F-94CC-5F59E0338FCE}.Release|Mixed Platforms.ActiveCfg = Release|Any CPU
		{F36FD487-5F92-483F-94CC-5F59E0338FCE}.Release|Mixed Platforms.Build.0 = Release|Any CPU
		{F36FD487-5F92-483F-94CC-5F59E0338FCE}.Release|x86.ActiveCfg = Release|Any CPU
		{CBE4E31B-2E8D-452A-9A8A-74ACAB9C0BFE}.Debug|Any CPU.ActiveCfg = Debug|Any CPU
		{CBE4E31B-2E8D-452A-9A8A-74ACAB9C0BFE}.Debug|Any CPU.Build.0 = Debug|Any CPU
		{CBE4E31B-2E8D-452A-9A8A-74ACAB9C0BFE}.Debug|Mixed Platforms.ActiveCfg = Debug|Any CPU
		{CBE4E31B-2E8D-452A-9A8A-74ACAB9C0BFE}.Debug|Mixed Platforms.Build.0 = Debug|Any CPU
		{CBE4E31B-2E8D-452A-9A8A-74ACAB9C0BFE}.Debug|x86.ActiveCfg = Debug|Any CPU
		{CBE4E31B-2E8D-452A-9A8A-74ACAB9C0BFE}.Release|Any CPU.ActiveCfg = Release|Any CPU
		{CBE4E31B-2E8D-452A-9A8A-74ACAB9C0BFE}.Release|Any CPU.Build.0 = Release|Any CPU
		{CBE4E31B-2E8D-452A-9A8A-74ACAB9C0BFE}.Release|Mixed Platforms.ActiveCfg = Release|Any CPU
		{CBE4E31B-2E8D-452A-9A8A-74ACAB9C0BFE}.Release|Mixed Platforms.Build.0 = Release|Any CPU
		{CBE4E31B-2E8D-452A-9A8A-74ACAB9C0BFE}.Release|x86.ActiveCfg = Release|Any CPU
	EndGlobalSection
	GlobalSection(SolutionProperties) = preSolution
		HideSolutionNode = FALSE
	EndGlobalSection
	GlobalSection(NestedProjects) = preSolution
		{79C3E016-EF76-435B-B44B-F42FAC8F80F1} = {2481E2F9-0B90-4114-AE73-62BB663A57BC}
		{C2615BF4-1BA8-479C-A4EA-F2F19CB6016A} = {2481E2F9-0B90-4114-AE73-62BB663A57BC}
		{A9E9CB97-9693-4311-A872-D710CB1EB060} = {C2615BF4-1BA8-479C-A4EA-F2F19CB6016A}
		{882FF1EC-C8FD-4062-BD38-534AC7CB6E6D} = {C2615BF4-1BA8-479C-A4EA-F2F19CB6016A}
		{823DDCBC-F7BF-4AA6-A285-236FD482D40C} = {C2615BF4-1BA8-479C-A4EA-F2F19CB6016A}
		{F36FD487-5F92-483F-94CC-5F59E0338FCE} = {C2615BF4-1BA8-479C-A4EA-F2F19CB6016A}
	EndGlobalSection
EndGlobal
